
Microsoft Visual Studio Solution File, Format Version 12.00
# Visual Studio 15
VisualStudioVersion = 15.0.28307.572
MinimumVisualStudioVersion = 10.0.40219.1
Project("{FAE04EC0-301F-11D3-BF4B-00C04F79EFBC}") = "View", "Genetic_Algorith_View\View.csproj", "{8DD07889-8C32-4D55-AC1C-A83F43D8E3E7}"
EndProject
Project("{FAE04EC0-301F-11D3-BF4B-00C04F79EFBC}") = "Modal", "Modal\Modal.csproj", "{47743ACD-672F-4475-9608-F06B95A8730A}"
EndProject
Project("{FAE04EC0-301F-11D3-BF4B-00C04F79EFBC}") = "Controller", "Controller\Controller.csproj", "{8AA9063B-4374-4BBE-B020-06DDC66852BE}"
EndProject
Project("{54435603-DBB4-11D2-8724-00A0C9A8B90C}") = "Instalator", "Instalator\Instalator.vdproj", "{B76326B1-F7B0-4519-BFE0-D6B73A0EA9EC}"
EndProject
Project("{9A19103F-16F7-4668-BE54-9A1E7A4F7556}") = "Tests", "UnitTestProject1\Tests.csproj", "{99CEAE86-F95B-4D6D-B5A3-738263D844F2}"
EndProject
Project("{FAE04EC0-301F-11D3-BF4B-00C04F79EFBC}") = "TimeWarp", "TimeWarp\TimeWarp.csproj", "{08C5CFDA-9544-40BC-A471-663B3BC6C958}"
EndProject
Project("{FAE04EC0-301F-11D3-BF4B-00C04F79EFBC}") = "ViewTests", "ViewTests\ViewTests.csproj", "{F3C418FC-4463-4F00-9C54-46C06FB36048}"
EndProject
Global
	GlobalSection(SolutionConfigurationPlatforms) = preSolution
		Debug|Any CPU = Debug|Any CPU
		Release|Any CPU = Release|Any CPU
	EndGlobalSection
	GlobalSection(ProjectConfigurationPlatforms) = postSolution
		{8DD07889-8C32-4D55-AC1C-A83F43D8E3E7}.Debug|Any CPU.ActiveCfg = Debug|Any CPU
		{8DD07889-8C32-4D55-AC1C-A83F43D8E3E7}.Debug|Any CPU.Build.0 = Debug|Any CPU
		{8DD07889-8C32-4D55-AC1C-A83F43D8E3E7}.Release|Any CPU.ActiveCfg = Release|Any CPU
		{8DD07889-8C32-4D55-AC1C-A83F43D8E3E7}.Release|Any CPU.Build.0 = Release|Any CPU
		{47743ACD-672F-4475-9608-F06B95A8730A}.Debug|Any CPU.ActiveCfg = Debug|Any CPU
		{47743ACD-672F-4475-9608-F06B95A8730A}.Debug|Any CPU.Build.0 = Debug|Any CPU
		{47743ACD-672F-4475-9608-F06B95A8730A}.Release|Any CPU.ActiveCfg = Release|Any CPU
		{47743ACD-672F-4475-9608-F06B95A8730A}.Release|Any CPU.Build.0 = Release|Any CPU
		{8AA9063B-4374-4BBE-B020-06DDC66852BE}.Debug|Any CPU.ActiveCfg = Debug|Any CPU
		{8AA9063B-4374-4BBE-B020-06DDC66852BE}.Debug|Any CPU.Build.0 = Debug|Any CPU
		{8AA9063B-4374-4BBE-B020-06DDC66852BE}.Release|Any CPU.ActiveCfg = Release|Any CPU
		{8AA9063B-4374-4BBE-B020-06DDC66852BE}.Release|Any CPU.Build.0 = Release|Any CPU
		{B76326B1-F7B0-4519-BFE0-D6B73A0EA9EC}.Debug|Any CPU.ActiveCfg = Debug
		{B76326B1-F7B0-4519-BFE0-D6B73A0EA9EC}.Release|Any CPU.ActiveCfg = Release
		{99CEAE86-F95B-4D6D-B5A3-738263D844F2}.Debug|Any CPU.ActiveCfg = Debug|Any CPU
		{99CEAE86-F95B-4D6D-B5A3-738263D844F2}.Debug|Any CPU.Build.0 = Debug|Any CPU
		{99CEAE86-F95B-4D6D-B5A3-738263D844F2}.Release|Any CPU.ActiveCfg = Release|Any CPU
		{99CEAE86-F95B-4D6D-B5A3-738263D844F2}.Release|Any CPU.Build.0 = Release|Any CPU
		{08C5CFDA-9544-40BC-A471-663B3BC6C958}.Debug|Any CPU.ActiveCfg = Debug|Any CPU
		{08C5CFDA-9544-40BC-A471-663B3BC6C958}.Debug|Any CPU.Build.0 = Debug|Any CPU
		{08C5CFDA-9544-40BC-A471-663B3BC6C958}.Release|Any CPU.ActiveCfg = Release|Any CPU
		{08C5CFDA-9544-40BC-A471-663B3BC6C958}.Release|Any CPU.Build.0 = Release|Any CPU
		{F3C418FC-4463-4F00-9C54-46C06FB36048}.Debug|Any CPU.ActiveCfg = Debug|Any CPU
		{F3C418FC-4463-4F00-9C54-46C06FB36048}.Debug|Any CPU.Build.0 = Debug|Any CPU
		{F3C418FC-4463-4F00-9C54-46C06FB36048}.Release|Any CPU.ActiveCfg = Release|Any CPU
		{F3C418FC-4463-4F00-9C54-46C06FB36048}.Release|Any CPU.Build.0 = Release|Any CPU
	EndGlobalSection
	GlobalSection(SolutionProperties) = preSolution
		HideSolutionNode = FALSE
	EndGlobalSection
	GlobalSection(ExtensibilityGlobals) = postSolution
		SolutionGuid = {A17A6BBA-35F1-41F7-8282-9C5845ADDE9E}
	EndGlobalSection
EndGlobal
